
Microsoft Visual Studio Solution File, Format Version 12.00
# Visual Studio Version 16
VisualStudioVersion = 16.0.28922.388
MinimumVisualStudioVersion = 10.0.40219.1
Project("{FAE04EC0-301F-11D3-BF4B-00C04F79EFBC}") = "Pacman-IA", "Pacman-IA\Pacman-IA.csproj", "{65F97C1C-A370-4F44-A096-748C394973AA}"
EndProject
Global
	GlobalSection(SolutionConfigurationPlatforms) = preSolution
		Debug|Any CPU = Debug|Any CPU
		Release|Any CPU = Release|Any CPU
	EndGlobalSection
	GlobalSection(ProjectConfigurationPlatforms) = postSolution
		{65F97C1C-A370-4F44-A096-748C394973AA}.Debug|Any CPU.ActiveCfg = Debug|Any CPU
		{65F97C1C-A370-4F44-A096-748C394973AA}.Debug|Any CPU.Build.0 = Debug|Any CPU
		{65F97C1C-A370-4F44-A096-748C394973AA}.Release|Any CPU.ActiveCfg = Release|Any CPU
		{65F97C1C-A370-4F44-A096-748C394973AA}.Release|Any CPU.Build.0 = Release|Any CPU
	EndGlobalSection
	GlobalSection(SolutionProperties) = preSolution
		HideSolutionNode = FALSE
	EndGlobalSection
	GlobalSection(ExtensibilityGlobals) = postSolution
		SolutionGuid = {7C3F3C3F-C2C8-4EAE-8410-39A807C36953}
	EndGlobalSection
EndGlobal
